
Microsoft Visual Studio Solution File, Format Version 12.00
# Visual Studio 15
VisualStudioVersion = 15.0.26430.16
MinimumVisualStudioVersion = 10.0.40219.1
Project("{FAE04EC0-301F-11D3-BF4B-00C04F79EFBC}") = "Lite Web Server", "Lite Web Server\Lite Web Server.csproj", "{57BCF791-49B6-4721-A4D3-FBD2E71A68FF}"
EndProject
Project("{FAE04EC0-301F-11D3-BF4B-00C04F79EFBC}") = "PHP Scripting", "PHP Scripting\PHP Scripting.csproj", "{0C332FAB-35C0-4025-95C3-AF45E2289653}"
EndProject
Project("{9A19103F-16F7-4668-BE54-9A1E7A4F7556}") = "CliWrap", "CliWrap\CliWrap\CliWrap.csproj", "{C555B092-F639-487A-B90F-5E308CB952B2}"
EndProject
Global
	GlobalSection(SolutionConfigurationPlatforms) = preSolution
		Debug|Any CPU = Debug|Any CPU
		Release|Any CPU = Release|Any CPU
	EndGlobalSection
	GlobalSection(ProjectConfigurationPlatforms) = postSolution
		{57BCF791-49B6-4721-A4D3-FBD2E71A68FF}.Debug|Any CPU.ActiveCfg = Debug|Any CPU
		{57BCF791-49B6-4721-A4D3-FBD2E71A68FF}.Debug|Any CPU.Build.0 = Debug|Any CPU
		{57BCF791-49B6-4721-A4D3-FBD2E71A68FF}.Release|Any CPU.ActiveCfg = Release|Any CPU
		{57BCF791-49B6-4721-A4D3-FBD2E71A68FF}.Release|Any CPU.Build.0 = Release|Any CPU
		{0C332FAB-35C0-4025-95C3-AF45E2289653}.Debug|Any CPU.ActiveCfg = Debug|Any CPU
		{0C332FAB-35C0-4025-95C3-AF45E2289653}.Debug|Any CPU.Build.0 = Debug|Any CPU
		{0C332FAB-35C0-4025-95C3-AF45E2289653}.Release|Any CPU.ActiveCfg = Release|Any CPU
		{0C332FAB-35C0-4025-95C3-AF45E2289653}.Release|Any CPU.Build.0 = Release|Any CPU
		{C555B092-F639-487A-B90F-5E308CB952B2}.Debug|Any CPU.ActiveCfg = Debug|Any CPU
		{C555B092-F639-487A-B90F-5E308CB952B2}.Debug|Any CPU.Build.0 = Debug|Any CPU
		{C555B092-F639-487A-B90F-5E308CB952B2}.Release|Any CPU.ActiveCfg = Release|Any CPU
		{C555B092-F639-487A-B90F-5E308CB952B2}.Release|Any CPU.Build.0 = Release|Any CPU
	EndGlobalSection
	GlobalSection(SolutionProperties) = preSolution
		HideSolutionNode = FALSE
	EndGlobalSection
EndGlobal
